
Microsoft Visual Studio Solution File, Format Version 12.00
# Visual Studio Version 16
VisualStudioVersion = 16.0.31025.194
MinimumVisualStudioVersion = 10.0.40219.1
Project("{FAE04EC0-301F-11D3-BF4B-00C04F79EFBC}") = "LinkedListDemo", "LinkedListDemo\LinkedListDemo.csproj", "{57475EA4-4595-42A1-B23A-8D740925A011}"
EndProject
Project("{FAE04EC0-301F-11D3-BF4B-00C04F79EFBC}") = "MSTest", "MSTest\MSTest.csproj", "{56CA68E3-6736-4363-ACCD-4FF6ECB077F8}"
EndProject
Global
	GlobalSection(SolutionConfigurationPlatforms) = preSolution
		Debug|Any CPU = Debug|Any CPU
		Release|Any CPU = Release|Any CPU
	EndGlobalSection
	GlobalSection(ProjectConfigurationPlatforms) = postSolution
		{57475EA4-4595-42A1-B23A-8D740925A011}.Debug|Any CPU.ActiveCfg = Debug|Any CPU
		{57475EA4-4595-42A1-B23A-8D740925A011}.Debug|Any CPU.Build.0 = Debug|Any CPU
		{57475EA4-4595-42A1-B23A-8D740925A011}.Release|Any CPU.ActiveCfg = Release|Any CPU
		{57475EA4-4595-42A1-B23A-8D740925A011}.Release|Any CPU.Build.0 = Release|Any CPU
		{56CA68E3-6736-4363-ACCD-4FF6ECB077F8}.Debug|Any CPU.ActiveCfg = Debug|Any CPU
		{56CA68E3-6736-4363-ACCD-4FF6ECB077F8}.Debug|Any CPU.Build.0 = Debug|Any CPU
		{56CA68E3-6736-4363-ACCD-4FF6ECB077F8}.Release|Any CPU.ActiveCfg = Release|Any CPU
		{56CA68E3-6736-4363-ACCD-4FF6ECB077F8}.Release|Any CPU.Build.0 = Release|Any CPU
	EndGlobalSection
	GlobalSection(SolutionProperties) = preSolution
		HideSolutionNode = FALSE
	EndGlobalSection
	GlobalSection(ExtensibilityGlobals) = postSolution
		SolutionGuid = {03B869D5-E87D-477A-8FE7-CE4DCB244DE3}
	EndGlobalSection
EndGlobal
